// !$*UTF8*$!
{
	archiveVersion = 1;
	classes = {
	};
	objectVersion = 77;
	objects = {

/* Begin PBXContainerItemProxy section */
		ABF858D82CE312C2003FBBDE /* PBXContainerItemProxy */ = {
			isa = PBXContainerItemProxy;
			containerPortal = ABF858BF2CE312C1003FBBDE /* Project object */;
			proxyType = 1;
			remoteGlobalIDString = ABF858C62CE312C1003FBBDE;
			remoteInfo = "Tic-tac-toe";
		};
		ABF858E22CE312C2003FBBDE /* PBXContainerItemProxy */ = {
			isa = PBXContainerItemProxy;
			containerPortal = ABF858BF2CE312C1003FBBDE /* Project object */;
			proxyType = 1;
			remoteGlobalIDString = ABF858C62CE312C1003FBBDE;
			remoteInfo = "Tic-tac-toe";
		};
/* End PBXContainerItemProxy section */

/* Begin PBXFileReference section */
		ABF858C72CE312C1003FBBDE /* Tic-tac-toe.app */ = {isa = PBXFileReference; explicitFileType = wrapper.application; includeInIndex = 0; path = "Tic-tac-toe.app"; sourceTree = BUILT_PRODUCTS_DIR; };
		ABF858D72CE312C2003FBBDE /* Tic-tac-toeTests.xctest */ = {isa = PBXFileReference; explicitFileType = wrapper.cfbundle; includeInIndex = 0; path = "Tic-tac-toeTests.xctest"; sourceTree = BUILT_PRODUCTS_DIR; };
		ABF858E12CE312C2003FBBDE /* Tic-tac-toeUITests.xctest */ = {isa = PBXFileReference; explicitFileType = wrapper.cfbundle; includeInIndex = 0; path = "Tic-tac-toeUITests.xctest"; sourceTree = BUILT_PRODUCTS_DIR; };
/* End PBXFileReference section */

/* Begin PBXFileSystemSynchronizedRootGroup section */
		ABF858C92CE312C1003FBBDE /* Tic-tac-toe */ = {
			isa = PBXFileSystemSynchronizedRootGroup;
			path = "Tic-tac-toe";
			sourceTree = "<group>";
		};
		ABF858DA2CE312C2003FBBDE /* Tic-tac-toeTests */ = {
			isa = PBXFileSystemSynchronizedRootGroup;
			path = "Tic-tac-toeTests";
			sourceTree = "<group>";
		};
		ABF858E42CE312C2003FBBDE /* Tic-tac-toeUITests */ = {
			isa = PBXFileSystemSynchronizedRootGroup;
			path = "Tic-tac-toeUITests";
			sourceTree = "<group>";
		};
/* End PBXFileSystemSynchronizedRootGroup section */

/* Begin PBXFrameworksBuildPhase section */
		ABF858C42CE312C1003FBBDE /* Frameworks */ = {
			isa = PBXFrameworksBuildPhase;
			buildActionMask = 2147483647;
			files = (
			);
			runOnlyForDeploymentPostprocessing = 0;
		};
		ABF858D42CE312C2003FBBDE /* Frameworks */ = {
			isa = PBXFrameworksBuildPhase;
			buildActionMask = 2147483647;
			files = (
			);
			runOnlyForDeploymentPostprocessing = 0;
		};
		ABF858DE2CE312C2003FBBDE /* Frameworks */ = {
			isa = PBXFrameworksBuildPhase;
			buildActionMask = 2147483647;
			files = (
			);
			runOnlyForDeploymentPostprocessing = 0;
		};
/* End PBXFrameworksBuildPhase section */

/* Begin PBXGroup section */
		ABF858BE2CE312C1003FBBDE = {
			isa = PBXGroup;
			children = (
				ABF858C92CE312C1003FBBDE /* Tic-tac-toe */,
				ABF858DA2CE312C2003FBBDE /* Tic-tac-toeTests */,
				ABF858E42CE312C2003FBBDE /* Tic-tac-toeUITests */,
				ABF858C82CE312C1003FBBDE /* Products */,
			);
			sourceTree = "<group>";
		};
		ABF858C82CE312C1003FBBDE /* Products */ = {
			isa = PBXGroup;
			children = (
				ABF858C72CE312C1003FBBDE /* Tic-tac-toe.app */,
				ABF858D72CE312C2003FBBDE /* Tic-tac-toeTests.xctest */,
				ABF858E12CE312C2003FBBDE /* Tic-tac-toeUITests.xctest */,
			);
			name = Products;
			sourceTree = "<group>";
		};
/* End PBXGroup section */

/* Begin PBXNativeTarget section */
		ABF858C62CE312C1003FBBDE /* Tic-tac-toe */ = {
			isa = PBXNativeTarget;
			buildConfigurationList = ABF858EB2CE312C2003FBBDE /* Build configuration list for PBXNativeTarget "Tic-tac-toe" */;
			buildPhases = (
				ABF858C32CE312C1003FBBDE /* Sources */,
				ABF858C42CE312C1003FBBDE /* Frameworks */,
				ABF858C52CE312C1003FBBDE /* Resources */,
			);
			buildRules = (
			);
			dependencies = (
			);
			fileSystemSynchronizedGroups = (
				ABF858C92CE312C1003FBBDE /* Tic-tac-toe */,
			);
			name = "Tic-tac-toe";
			packageProductDependencies = (
			);
			productName = "Tic-tac-toe";
			productReference = ABF858C72CE312C1003FBBDE /* Tic-tac-toe.app */;
			productType = "com.apple.product-type.application";
		};
		ABF858D62CE312C2003FBBDE /* Tic-tac-toeTests */ = {
			isa = PBXNativeTarget;
			buildConfigurationList = ABF858EE2CE312C2003FBBDE /* Build configuration list for PBXNativeTarget "Tic-tac-toeTests" */;
			buildPhases = (
				ABF858D32CE312C2003FBBDE /* Sources */,
				ABF858D42CE312C2003FBBDE /* Frameworks */,
				ABF858D52CE312C2003FBBDE /* Resources */,
			);
			buildRules = (
			);
			dependencies = (
				ABF858D92CE312C2003FBBDE /* PBXTargetDependency */,
			);
			fileSystemSynchronizedGroups = (
				ABF858DA2CE312C2003FBBDE /* Tic-tac-toeTests */,
			);
			name = "Tic-tac-toeTests";
			packageProductDependencies = (
			);
			productName = "Tic-tac-toeTests";
			productReference = ABF858D72CE312C2003FBBDE /* Tic-tac-toeTests.xctest */;
			productType = "com.apple.product-type.bundle.unit-test";
		};
		ABF858E02CE312C2003FBBDE /* Tic-tac-toeUITests */ = {
			isa = PBXNativeTarget;
			buildConfigurationList = ABF858F12CE312C2003FBBDE /* Build configuration list for PBXNativeTarget "Tic-tac-toeUITests" */;
			buildPhases = (
				ABF858DD2CE312C2003FBBDE /* Sources */,
				ABF858DE2CE312C2003FBBDE /* Frameworks */,
				ABF858DF2CE312C2003FBBDE /* Resources */,
			);
			buildRules = (
			);
			dependencies = (
				ABF858E32CE312C2003FBBDE /* PBXTargetDependency */,
			);
			fileSystemSynchronizedGroups = (
				ABF858E42CE312C2003FBBDE /* Tic-tac-toeUITests */,
			);
			name = "Tic-tac-toeUITests";
			packageProductDependencies = (
			);
			productName = "Tic-tac-toeUITests";
			productReference = ABF858E12CE312C2003FBBDE /* Tic-tac-toeUITests.xctest */;
			productType = "com.apple.product-type.bundle.ui-testing";
		};
/* End PBXNativeTarget section */

/* Begin PBXProject section */
		ABF858BF2CE312C1003FBBDE /* Project object */ = {
			isa = PBXProject;
			attributes = {
				BuildIndependentTargetsInParallel = 1;
				LastSwiftUpdateCheck = 1610;
				LastUpgradeCheck = 1610;
				TargetAttributes = {
					ABF858C62CE312C1003FBBDE = {
						CreatedOnToolsVersion = 16.1;
					};
					ABF858D62CE312C2003FBBDE = {
						CreatedOnToolsVersion = 16.1;
						TestTargetID = ABF858C62CE312C1003FBBDE;
					};
					ABF858E02CE312C2003FBBDE = {
						CreatedOnToolsVersion = 16.1;
						TestTargetID = ABF858C62CE312C1003FBBDE;
					};
				};
			};
			buildConfigurationList = ABF858C22CE312C1003FBBDE /* Build configuration list for PBXProject "Tic-tac-toe" */;
			developmentRegion = en;
			hasScannedForEncodings = 0;
			knownRegions = (
				en,
				Base,
			);
			mainGroup = ABF858BE2CE312C1003FBBDE;
			minimizedProjectReferenceProxies = 1;
			preferredProjectObjectVersion = 77;
			productRefGroup = ABF858C82CE312C1003FBBDE /* Products */;
			projectDirPath = "";
			projectRoot = "";
			targets = (
				ABF858C62CE312C1003FBBDE /* Tic-tac-toe */,
				ABF858D62CE312C2003FBBDE /* Tic-tac-toeTests */,
				ABF858E02CE312C2003FBBDE /* Tic-tac-toeUITests */,
			);
		};
/* End PBXProject section */

/* Begin PBXResourcesBuildPhase section */
		ABF858C52CE312C1003FBBDE /* Resources */ = {
			isa = PBXResourcesBuildPhase;
			buildActionMask = 2147483647;
			files = (
			);
			runOnlyForDeploymentPostprocessing = 0;
		};
		ABF858D52CE312C2003FBBDE /* Resources */ = {
			isa = PBXResourcesBuildPhase;
			buildActionMask = 2147483647;
			files = (
			);
			runOnlyForDeploymentPostprocessing = 0;
		};
		ABF858DF2CE312C2003FBBDE /* Resources */ = {
			isa = PBXResourcesBuildPhase;
			buildActionMask = 2147483647;
			files = (
			);
			runOnlyForDeploymentPostprocessing = 0;
		};
/* End PBXResourcesBuildPhase section */

/* Begin PBXSourcesBuildPhase section */
		ABF858C32CE312C1003FBBDE /* Sources */ = {
			isa = PBXSourcesBuildPhase;
			buildActionMask = 2147483647;
			files = (
			);
			runOnlyForDeploymentPostprocessing = 0;
		};
		ABF858D32CE312C2003FBBDE /* Sources */ = {
			isa = PBXSourcesBuildPhase;
			buildActionMask = 2147483647;
			files = (
			);
			runOnlyForDeploymentPostprocessing = 0;
		};
		ABF858DD2CE312C2003FBBDE /* Sources */ = {
			isa = PBXSourcesBuildPhase;
			buildActionMask = 2147483647;
			files = (
			);
			runOnlyForDeploymentPostprocessing = 0;
		};
/* End PBXSourcesBuildPhase section */

/* Begin PBXTargetDependency section */
		ABF858D92CE312C2003FBBDE /* PBXTargetDependency */ = {
			isa = PBXTargetDependency;
			target = ABF858C62CE312C1003FBBDE /* Tic-tac-toe */;
			targetProxy = ABF858D82CE312C2003FBBDE /* PBXContainerItemProxy */;
		};
		ABF858E32CE312C2003FBBDE /* PBXTargetDependency */ = {
			isa = PBXTargetDependency;
			target = ABF858C62CE312C1003FBBDE /* Tic-tac-toe */;
			targetProxy = ABF858E22CE312C2003FBBDE /* PBXContainerItemProxy */;
		};
/* End PBXTargetDependency section */

/* Begin XCBuildConfiguration section */
		ABF858E92CE312C2003FBBDE /* Debug */ = {
			isa = XCBuildConfiguration;
			buildSettings = {
				ALWAYS_SEARCH_USER_PATHS = NO;
				ASSETCATALOG_COMPILER_GENERATE_SWIFT_ASSET_SYMBOL_EXTENSIONS = YES;
				CLANG_ANALYZER_NONNULL = YES;
				CLANG_ANALYZER_NUMBER_OBJECT_CONVERSION = YES_AGGRESSIVE;
				CLANG_CXX_LANGUAGE_STANDARD = "gnu++20";
				CLANG_ENABLE_MODULES = YES;
				CLANG_ENABLE_OBJC_ARC = YES;
				CLANG_ENABLE_OBJC_WEAK = YES;
				CLANG_WARN_BLOCK_CAPTURE_AUTORELEASING = YES;
				CLANG_WARN_BOOL_CONVERSION = YES;
				CLANG_WARN_COMMA = YES;
				CLANG_WARN_CONSTANT_CONVERSION = YES;
				CLANG_WARN_DEPRECATED_OBJC_IMPLEMENTATIONS = YES;
				CLANG_WARN_DIRECT_OBJC_ISA_USAGE = YES_ERROR;
				CLANG_WARN_DOCUMENTATION_COMMENTS = YES;
				CLANG_WARN_EMPTY_BODY = YES;
				CLANG_WARN_ENUM_CONVERSION = YES;
				CLANG_WARN_INFINITE_RECURSION = YES;
				CLANG_WARN_INT_CONVERSION = YES;
				CLANG_WARN_NON_LITERAL_NULL_CONVERSION = YES;
				CLANG_WARN_OBJC_IMPLICIT_RETAIN_SELF = YES;
				CLANG_WARN_OBJC_LITERAL_CONVERSION = YES;
				CLANG_WARN_OBJC_ROOT_CLASS = YES_ERROR;
				CLANG_WARN_QUOTED_INCLUDE_IN_FRAMEWORK_HEADER = YES;
				CLANG_WARN_RANGE_LOOP_ANALYSIS = YES;
				CLANG_WARN_STRICT_PROTOTYPES = YES;
				CLANG_WARN_SUSPICIOUS_MOVE = YES;
				CLANG_WARN_UNGUARDED_AVAILABILITY = YES_AGGRESSIVE;
				CLANG_WARN_UNREACHABLE_CODE = YES;
				CLANG_WARN__DUPLICATE_METHOD_MATCH = YES;
				COPY_PHASE_STRIP = NO;
				DEBUG_INFORMATION_FORMAT = dwarf;
				ENABLE_STRICT_OBJC_MSGSEND = YES;
				ENABLE_TESTABILITY = YES;
				ENABLE_USER_SCRIPT_SANDBOXING = YES;
				GCC_C_LANGUAGE_STANDARD = gnu17;
				GCC_DYNAMIC_NO_PIC = NO;
				GCC_NO_COMMON_BLOCKS = YES;
				GCC_OPTIMIZATION_LEVEL = 0;
				GCC_PREPROCESSOR_DEFINITIONS = (
					"DEBUG=1",
					"$(inherited)",
				);
				GCC_WARN_64_TO_32_BIT_CONVERSION = YES;
				GCC_WARN_ABOUT_RETURN_TYPE = YES_ERROR;
				GCC_WARN_UNDECLARED_SELECTOR = YES;
				GCC_WARN_UNINITIALIZED_AUTOS = YES_AGGRESSIVE;
				GCC_WARN_UNUSED_FUNCTION = YES;
				GCC_WARN_UNUSED_VARIABLE = YES;
				IPHONEOS_DEPLOYMENT_TARGET = 18.1;
				LOCALIZATION_PREFERS_STRING_CATALOGS = YES;
				MTL_ENABLE_DEBUG_INFO = INCLUDE_SOURCE;
				MTL_FAST_MATH = YES;
				ONLY_ACTIVE_ARCH = YES;
				SDKROOT = iphoneos;
				SWIFT_ACTIVE_COMPILATION_CONDITIONS = "DEBUG $(inherited)";
				SWIFT_OPTIMIZATION_LEVEL = "-Onone";
			};
			name = Debug;
		};
		ABF858EA2CE312C2003FBBDE /* Release */ = {
			isa = XCBuildConfiguration;
			buildSettings = {
				ALWAYS_SEARCH_USER_PATHS = NO;
				ASSETCATALOG_COMPILER_GENERATE_SWIFT_ASSET_SYMBOL_EXTENSIONS = YES;
				CLANG_ANALYZER_NONNULL = YES;
				CLANG_ANALYZER_NUMBER_OBJECT_CONVERSION = YES_AGGRESSIVE;
				CLANG_CXX_LANGUAGE_STANDARD = "gnu++20";
				CLANG_ENABLE_MODULES = YES;
				CLANG_ENABLE_OBJC_ARC = YES;
				CLANG_ENABLE_OBJC_WEAK = YES;
				CLANG_WARN_BLOCK_CAPTURE_AUTORELEASING = YES;
				CLANG_WARN_BOOL_CONVERSION = YES;
				CLANG_WARN_COMMA = YES;
				CLANG_WARN_CONSTANT_CONVERSION = YES;
				CLANG_WARN_DEPRECATED_OBJC_IMPLEMENTATIONS = YES;
				CLANG_WARN_DIRECT_OBJC_ISA_USAGE = YES_ERROR;
				CLANG_WARN_DOCUMENTATION_COMMENTS = YES;
				CLANG_WARN_EMPTY_BODY = YES;
				CLANG_WARN_ENUM_CONVERSION = YES;
				CLANG_WARN_INFINITE_RECURSION = YES;
				CLANG_WARN_INT_CONVERSION = YES;
				CLANG_WARN_NON_LITERAL_NULL_CONVERSION = YES;
				CLANG_WARN_OBJC_IMPLICIT_RETAIN_SELF = YES;
				CLANG_WARN_OBJC_LITERAL_CONVERSION = YES;
				CLANG_WARN_OBJC_ROOT_CLASS = YES_ERROR;
				CLANG_WARN_QUOTED_INCLUDE_IN_FRAMEWORK_HEADER = YES;
				CLANG_WARN_RANGE_LOOP_ANALYSIS = YES;
				CLANG_WARN_STRICT_PROTOTYPES = YES;
				CLANG_WARN_SUSPICIOUS_MOVE = YES;
				CLANG_WARN_UNGUARDED_AVAILABILITY = YES_AGGRESSIVE;
				CLANG_WARN_UNREACHABLE_CODE = YES;
				CLANG_WARN__DUPLICATE_METHOD_MATCH = YES;
				COPY_PHASE_STRIP = NO;
				DEBUG_INFORMATION_FORMAT = "dwarf-with-dsym";
				ENABLE_NS_ASSERTIONS = NO;
				ENABLE_STRICT_OBJC_MSGSEND = YES;
				ENABLE_USER_SCRIPT_SANDBOXING = YES;
				GCC_C_LANGUAGE_STANDARD = gnu17;
				GCC_NO_COMMON_BLOCKS = YES;
				GCC_WARN_64_TO_32_BIT_CONVERSION = YES;
				GCC_WARN_ABOUT_RETURN_TYPE = YES_ERROR;
				GCC_WARN_UNDECLARED_SELECTOR = YES;
				GCC_WARN_UNINITIALIZED_AUTOS = YES_AGGRESSIVE;
				GCC_WARN_UNUSED_FUNCTION = YES;
				GCC_WARN_UNUSED_VARIABLE = YES;
				IPHONEOS_DEPLOYMENT_TARGET = 18.1;
				LOCALIZATION_PREFERS_STRING_CATALOGS = YES;
				MTL_ENABLE_DEBUG_INFO = NO;
				MTL_FAST_MATH = YES;
				SDKROOT = iphoneos;
				SWIFT_COMPILATION_MODE = wholemodule;
				VALIDATE_PRODUCT = YES;
			};
			name = Release;
		};
		ABF858EC2CE312C2003FBBDE /* Debug */ = {
			isa = XCBuildConfiguration;
			buildSettings = {
				ASSETCATALOG_COMPILER_APPICON_NAME = AppIcon;
				ASSETCATALOG_COMPILER_GLOBAL_ACCENT_COLOR_NAME = AccentColor;
				CODE_SIGN_STYLE = Automatic;
				CURRENT_PROJECT_VERSION = 1;
				DEVELOPMENT_ASSET_PATHS = "\"Tic-tac-toe/Preview Content\"";
				ENABLE_PREVIEWS = YES;
				GENERATE_INFOPLIST_FILE = YES;
				INFOPLIST_KEY_UIApplicationSceneManifest_Generation = YES;
				INFOPLIST_KEY_UIApplicationSupportsIndirectInputEvents = YES;
				INFOPLIST_KEY_UILaunchScreen_Generation = YES;
				INFOPLIST_KEY_UISupportedInterfaceOrientations_iPad = "UIInterfaceOrientationPortrait UIInterfaceOrientationPortraitUpsideDown UIInterfaceOrientationLandscapeLeft UIInterfaceOrientationLandscapeRight";
				INFOPLIST_KEY_UISupportedInterfaceOrientations_iPhone = "UIInterfaceOrientationPortrait UIInterfaceOrientationLandscapeLeft UIInterfaceOrientationLandscapeRight";
				LD_RUNPATH_SEARCH_PATHS = (
					"$(inherited)",
					"@executable_path/Frameworks",
				);
				MARKETING_VERSION = 1.0;
				PRODUCT_BUNDLE_IDENTIFIER = "Travis.Tic-tac-toe";
				PRODUCT_NAME = "$(TARGET_NAME)";
				SWIFT_EMIT_LOC_STRINGS = YES;
				SWIFT_VERSION = 5.0;
				TARGETED_DEVICE_FAMILY = "1,2";
			};
			name = Debug;
		};
		ABF858ED2CE312C2003FBBDE /* Release */ = {
			isa = XCBuildConfiguration;
			buildSettings = {
				ASSETCATALOG_COMPILER_APPICON_NAME = AppIcon;
				ASSETCATALOG_COMPILER_GLOBAL_ACCENT_COLOR_NAME = AccentColor;
				CODE_SIGN_STYLE = Automatic;
				CURRENT_PROJECT_VERSION = 1;
				DEVELOPMENT_ASSET_PATHS = "\"Tic-tac-toe/Preview Content\"";
				ENABLE_PREVIEWS = YES;
				GENERATE_INFOPLIST_FILE = YES;
				INFOPLIST_KEY_UIApplicationSceneManifest_Generation = YES;
				INFOPLIST_KEY_UIApplicationSupportsIndirectInputEvents = YES;
				INFOPLIST_KEY_UILaunchScreen_Generation = YES;
				INFOPLIST_KEY_UISupportedInterfaceOrientations_iPad = "UIInterfaceOrientationPortrait UIInterfaceOrientationPortraitUpsideDown UIInterfaceOrientationLandscapeLeft UIInterfaceOrientationLandscapeRight";
				INFOPLIST_KEY_UISupportedInterfaceOrientations_iPhone = "UIInterfaceOrientationPortrait UIInterfaceOrientationLandscapeLeft UIInterfaceOrientationLandscapeRight";
				LD_RUNPATH_SEARCH_PATHS = (
					"$(inherited)",
					"@executable_path/Frameworks",
				);
				MARKETING_VERSION = 1.0;
				PRODUCT_BUNDLE_IDENTIFIER = "Travis.Tic-tac-toe";
				PRODUCT_NAME = "$(TARGET_NAME)";
				SWIFT_EMIT_LOC_STRINGS = YES;
				SWIFT_VERSION = 5.0;
				TARGETED_DEVICE_FAMILY = "1,2";
			};
			name = Release;
		};
		ABF858EF2CE312C2003FBBDE /* Debug */ = {
			isa = XCBuildConfiguration;
			buildSettings = {
				BUNDLE_LOADER = "$(TEST_HOST)";
				CODE_SIGN_STYLE = Automatic;
				CURRENT_PROJECT_VERSION = 1;
				GENERATE_INFOPLIST_FILE = YES;
				IPHONEOS_DEPLOYMENT_TARGET = 18.1;
				MARKETING_VERSION = 1.0;
				PRODUCT_BUNDLE_IDENTIFIER = "Travis.Tic-tac-toeTests";
				PRODUCT_NAME = "$(TARGET_NAME)";
				SWIFT_EMIT_LOC_STRINGS = NO;
				SWIFT_VERSION = 5.0;
				TARGETED_DEVICE_FAMILY = "1,2";
				TEST_HOST = "$(BUILT_PRODUCTS_DIR)/Tic-tac-toe.app/$(BUNDLE_EXECUTABLE_FOLDER_PATH)/Tic-tac-toe";
			};
			name = Debug;
		};
		ABF858F02CE312C2003FBBDE /* Release */ = {
			isa = XCBuildConfiguration;
			buildSettings = {
				BUNDLE_LOADER = "$(TEST_HOST)";
				CODE_SIGN_STYLE = Automatic;
				CURRENT_PROJECT_VERSION = 1;
				GENERATE_INFOPLIST_FILE = YES;
				IPHONEOS_DEPLOYMENT_TARGET = 18.1;
				MARKETING_VERSION = 1.0;
				PRODUCT_BUNDLE_IDENTIFIER = "Travis.Tic-tac-toeTests";
				PRODUCT_NAME = "$(TARGET_NAME)";
				SWIFT_EMIT_LOC_STRINGS = NO;
				SWIFT_VERSION = 5.0;
				TARGETED_DEVICE_FAMILY = "1,2";
				TEST_HOST = "$(BUILT_PRODUCTS_DIR)/Tic-tac-toe.app/$(BUNDLE_EXECUTABLE_FOLDER_PATH)/Tic-tac-toe";
			};
			name = Release;
		};
		ABF858F22CE312C2003FBBDE /* Debug */ = {
			isa = XCBuildConfiguration;
			buildSettings = {
				CODE_SIGN_STYLE = Automatic;
				CURRENT_PROJECT_VERSION = 1;
				GENERATE_INFOPLIST_FILE = YES;
				MARKETING_VERSION = 1.0;
				PRODUCT_BUNDLE_IDENTIFIER = "Travis.Tic-tac-toeUITests";
				PRODUCT_NAME = "$(TARGET_NAME)";
				SWIFT_EMIT_LOC_STRINGS = NO;
				SWIFT_VERSION = 5.0;
				TARGETED_DEVICE_FAMILY = "1,2";
				TEST_TARGET_NAME = "Tic-tac-toe";
			};
			name = Debug;
		};
		ABF858F32CE312C2003FBBDE /* Release */ = {
			isa = XCBuildConfiguration;
			buildSettings = {
				CODE_SIGN_STYLE = Automatic;
				CURRENT_PROJECT_VERSION = 1;
				GENERATE_INFOPLIST_FILE = YES;
				MARKETING_VERSION = 1.0;
				PRODUCT_BUNDLE_IDENTIFIER = "Travis.Tic-tac-toeUITests";
				PRODUCT_NAME = "$(TARGET_NAME)";
				SWIFT_EMIT_LOC_STRINGS = NO;
				SWIFT_VERSION = 5.0;
				TARGETED_DEVICE_FAMILY = "1,2";
				TEST_TARGET_NAME = "Tic-tac-toe";
			};
			name = Release;
		};
/* End XCBuildConfiguration section */

/* Begin XCConfigurationList section */
		ABF858C22CE312C1003FBBDE /* Build configuration list for PBXProject "Tic-tac-toe" */ = {
			isa = XCConfigurationList;
			buildConfigurations = (
				ABF858E92CE312C2003FBBDE /* Debug */,
				ABF858EA2CE312C2003FBBDE /* Release */,
			);
			defaultConfigurationIsVisible = 0;
			defaultConfigurationName = Release;
		};
		ABF858EB2CE312C2003FBBDE /* Build configuration list for PBXNativeTarget "Tic-tac-toe" */ = {
			isa = XCConfigurationList;
			buildConfigurations = (
				ABF858EC2CE312C2003FBBDE /* Debug */,
				ABF858ED2CE312C2003FBBDE /* Release */,
			);
			defaultConfigurationIsVisible = 0;
			defaultConfigurationName = Release;
		};
		ABF858EE2CE312C2003FBBDE /* Build configuration list for PBXNativeTarget "Tic-tac-toeTests" */ = {
			isa = XCConfigurationList;
			buildConfigurations = (
				ABF858EF2CE312C2003FBBDE /* Debug */,
				ABF858F02CE312C2003FBBDE /* Release */,
			);
			defaultConfigurationIsVisible = 0;
			defaultConfigurationName = Release;
		};
		ABF858F12CE312C2003FBBDE /* Build configuration list for PBXNativeTarget "Tic-tac-toeUITests" */ = {
			isa = XCConfigurationList;
			buildConfigurations = (
				ABF858F22CE312C2003FBBDE /* Debug */,
				ABF858F32CE312C2003FBBDE /* Release */,
			);
			defaultConfigurationIsVisible = 0;
			defaultConfigurationName = Release;
		};
/* End XCConfigurationList section */
	};
	rootObject = ABF858BF2CE312C1003FBBDE /* Project object */;
}
